
Microsoft Visual Studio Solution File, Format Version 12.00
# Visual Studio Version 16
VisualStudioVersion = 16.0.30611.23
MinimumVisualStudioVersion = 10.0.40219.1
Project("{FAE04EC0-301F-11D3-BF4B-00C04F79EFBC}") = "vedio player", "vedio player.csproj", "{F571909B-F0EA-4E31-BAB2-8CEFF7205366}"
EndProject
Global
	GlobalSection(SolutionConfigurationPlatforms) = preSolution
		Debug|Any CPU = Debug|Any CPU
		Release|Any CPU = Release|Any CPU
	EndGlobalSection
	GlobalSection(ProjectConfigurationPlatforms) = postSolution
		{F571909B-F0EA-4E31-BAB2-8CEFF7205366}.Debug|Any CPU.ActiveCfg = Debug|Any CPU
		{F571909B-F0EA-4E31-BAB2-8CEFF7205366}.Debug|Any CPU.Build.0 = Debug|Any CPU
		{F571909B-F0EA-4E31-BAB2-8CEFF7205366}.Release|Any CPU.ActiveCfg = Release|Any CPU
		{F571909B-F0EA-4E31-BAB2-8CEFF7205366}.Release|Any CPU.Build.0 = Release|Any CPU
	EndGlobalSection
	GlobalSection(SolutionProperties) = preSolution
		HideSolutionNode = FALSE
	EndGlobalSection
	GlobalSection(ExtensibilityGlobals) = postSolution
		SolutionGuid = {BB75DD1D-9874-4482-A01D-DB7F2198DAE1}
	EndGlobalSection
EndGlobal
